dependencies:
- name: tenzu-back
  repository: file://../tenzu-back
  version: 0.1.5
- name: tenzu-front
  repository: file://../tenzu-front
  version: 0.1.3
- name: redis
  repository: https://charts.bitnami.com/bitnami/
  version: 19.6.4
- name: postgresql
  repository: https://charts.bitnami.com/bitnami/
  version: 16.4.14
digest: sha256:8ff4dff93c96caed0b0926e7f7e285f522fad604c443fc0bc261489027e0a2a7
generated: "2025-03-03T13:55:32.538375+01:00"
