dependencies:
- name: tenzu-back
  repository: file://../tenzu-back
  version: 0.1.2
- name: tenzu-front
  repository: file://../tenzu-front
  version: 0.1.1
- name: redis
  repository: https://charts.bitnami.com/bitnami/
  version: 20.2.1
- name: postgresql
  repository: https://charts.bitnami.com/bitnami/
  version: 16.3.2
digest: sha256:12e7e222361c11c4db77edca0ebd166a47d0884cd0fb3ba836ea8a44a2a9c51b
generated: "2025-02-12T15:08:27.966043905+01:00"
